Microsoft Visual Studio Solution File, Format Version 11.00
# Visual Studio 2008

Project("{2A50585B-3419-F0C4-7492-792B194FD272}") = "ballworld", "Assembly-CSharp.csproj", "{B635C03B-4CFA-1719-980D-488ACA1F0D71}"
EndProject
Project("{2A50585B-3419-F0C4-7492-792B194FD272}") = "ballworld", "Assembly-CSharp-Editor.csproj", "{2FE35E2A-9B9D-F18B-633A-0DCDCADE49F7}"
EndProject
Global
	GlobalSection(SolutionConfigurationPlatforms) = preSolution
		Debug|Any CPU = Debug|Any CPU
		Release|Any CPU = Release|Any CPU
	EndGlobalSection
	GlobalSection(ProjectConfigurationPlatforms) = postSolution
		{B635C03B-4CFA-1719-980D-488ACA1F0D71}.Debug|Any CPU.ActiveCfg = Debug|Any CPU
		{B635C03B-4CFA-1719-980D-488ACA1F0D71}.Debug|Any CPU.Build.0 = Debug|Any CPU
		{B635C03B-4CFA-1719-980D-488ACA1F0D71}.Release|Any CPU.ActiveCfg = Release|Any CPU
		{B635C03B-4CFA-1719-980D-488ACA1F0D71}.Release|Any CPU.Build.0 = Release|Any CPU
		{2FE35E2A-9B9D-F18B-633A-0DCDCADE49F7}.Debug|Any CPU.ActiveCfg = Debug|Any CPU
		{2FE35E2A-9B9D-F18B-633A-0DCDCADE49F7}.Debug|Any CPU.Build.0 = Debug|Any CPU
		{2FE35E2A-9B9D-F18B-633A-0DCDCADE49F7}.Release|Any CPU.ActiveCfg = Release|Any CPU
		{2FE35E2A-9B9D-F18B-633A-0DCDCADE49F7}.Release|Any CPU.Build.0 = Release|Any CPU
	EndGlobalSection
	GlobalSection(SolutionProperties) = preSolution
		HideSolutionNode = FALSE
	EndGlobalSection
	GlobalSection(MonoDevelopProperties) = preSolution
		StartupItem = Assembly-CSharp.csproj
	EndGlobalSection
EndGlobal
